// !$*UTF8*$!
{
	archiveVersion = 1;
	classes = {
	};
	objectVersion = 55;
	objects = {

/* Begin PBXBuildFile section */
		5605AA7827B79A8700759B21 /* RssItem.m in Sources */ = {isa = PBXBuildFile; fileRef = 5605AA7727B79A8700759B21 /* RssItem.m */; };
		56346EA027B4E40200AECA6D /* AppDelegate.swift in Sources */ = {isa = PBXBuildFile; fileRef = 56346E9F27B4E40200AECA6D /* AppDelegate.swift */; };
		56346EA227B4E40200AECA6D /* SceneDelegate.swift in Sources */ = {isa = PBXBuildFile; fileRef = 56346EA127B4E40200AECA6D /* SceneDelegate.swift */; };
		56346EA727B4E40200AECA6D /* Main.storyboard in Resources */ = {isa = PBXBuildFile; fileRef = 56346EA527B4E40200AECA6D /* Main.storyboard */; };
		56346EA927B4E40400AECA6D /* Assets.xcassets in Resources */ = {isa = PBXBuildFile; fileRef = 56346EA827B4E40400AECA6D /* Assets.xcassets */; };
		56346EAC27B4E40400AECA6D /* LaunchScreen.storyboard in Resources */ = {isa = PBXBuildFile; fileRef = 56346EAA27B4E40400AECA6D /* LaunchScreen.storyboard */; };
		56346EB527B4E8BC00AECA6D /* Box.swift in Sources */ = {isa = PBXBuildFile; fileRef = 56346EB427B4E8BC00AECA6D /* Box.swift */; };
		56346EB827B4E90100AECA6D /* HomePageTableViewCell.swift in Sources */ = {isa = PBXBuildFile; fileRef = 56346EB727B4E90100AECA6D /* HomePageTableViewCell.swift */; };
		56346EBA27B4E99200AECA6D /* HomePageTableViewHeader.swift in Sources */ = {isa = PBXBuildFile; fileRef = 56346EB927B4E99200AECA6D /* HomePageTableViewHeader.swift */; };
		56346EBD27B4E9E900AECA6D /* HomePageViewController.swift in Sources */ = {isa = PBXBuildFile; fileRef = 56346EBC27B4E9E900AECA6D /* HomePageViewController.swift */; };
		56346EC027B4EAA400AECA6D /* HomePageViewModel.swift in Sources */ = {isa = PBXBuildFile; fileRef = 56346EBF27B4EAA400AECA6D /* HomePageViewModel.swift */; };
		56346EC527B4F09100AECA6D /* EpisodePageViewModel.swift in Sources */ = {isa = PBXBuildFile; fileRef = 56346EC427B4F09100AECA6D /* EpisodePageViewModel.swift */; };
		56346EC727B4F1A600AECA6D /* EpisodePageViewController.swift in Sources */ = {isa = PBXBuildFile; fileRef = 56346EC627B4F1A600AECA6D /* EpisodePageViewController.swift */; };
		56346EC927B4F25600AECA6D /* EpisodePageView.swift in Sources */ = {isa = PBXBuildFile; fileRef = 56346EC827B4F25600AECA6D /* EpisodePageView.swift */; };
		56346ECB27B4F52500AECA6D /* PlayerPageViewModel.swift in Sources */ = {isa = PBXBuildFile; fileRef = 56346ECA27B4F52500AECA6D /* PlayerPageViewModel.swift */; };
		56346ECD27B4F5AD00AECA6D /* PlayerPageViewController.swift in Sources */ = {isa = PBXBuildFile; fileRef = 56346ECC27B4F5AD00AECA6D /* PlayerPageViewController.swift */; };
		56346ECF27B4F60300AECA6D /* PlayerPageView.swift in Sources */ = {isa = PBXBuildFile; fileRef = 56346ECE27B4F60300AECA6D /* PlayerPageView.swift */; };
		56346EDC27B5204100AECA6D /* AudioPlayHelper.m in Sources */ = {isa = PBXBuildFile; fileRef = 56346EDB27B5204100AECA6D /* AudioPlayHelper.m */; };
		56346EDF27B54E4000AECA6D /* TimeCalculator.m in Sources */ = {isa = PBXBuildFile; fileRef = 56346EDE27B54E4000AECA6D /* TimeCalculator.m */; };
		56346EE227B5500400AECA6D /* GCDTimer.m in Sources */ = {isa = PBXBuildFile; fileRef = 56346EE127B5500400AECA6D /* GCDTimer.m */; };
		564A802F27B664130084F5E3 /* RssHelper.m in Sources */ = {isa = PBXBuildFile; fileRef = 564A802E27B664130084F5E3 /* RssHelper.m */; };
		850CE8B3780FA486D76CD736 /* Pods_PodcastApp.framework in Frameworks */ = {isa = PBXBuildFile; fileRef = 0BCD8FC6EABEDA682D10FEF7 /* Pods_PodcastApp.framework */; };
/* End PBXBuildFile section */

/* Begin PBXFileReference section */
		0BCD8FC6EABEDA682D10FEF7 /* Pods_PodcastApp.framework */ = {isa = PBXFileReference; explicitFileType = wrapper.framework; includeInIndex = 0; path = Pods_PodcastApp.framework; sourceTree = BUILT_PRODUCTS_DIR; };
		455B7B37167DE4EF4F33A5AB /* Pods-PodcastApp.debug.xcconfig */ = {isa = PBXFileReference; includeInIndex = 1; lastKnownFileType = text.xcconfig; name = "Pods-PodcastApp.debug.xcconfig"; path = "Target Support Files/Pods-PodcastApp/Pods-PodcastApp.debug.xcconfig"; sourceTree = "<group>"; };
		5605AA7627B79A8700759B21 /* RssItem.h */ = {isa = PBXFileReference; lastKnownFileType = sourcecode.c.h; path = RssItem.h; sourceTree = "<group>"; };
		5605AA7727B79A8700759B21 /* RssItem.m */ = {isa = PBXFileReference; lastKnownFileType = sourcecode.c.objc; path = RssItem.m; sourceTree = "<group>"; };
		56346E9C27B4E40200AECA6D /* PodcastApp.app */ = {isa = PBXFileReference; explicitFileType = wrapper.application; includeInIndex = 0; path = PodcastApp.app; sourceTree = BUILT_PRODUCTS_DIR; };
		56346E9F27B4E40200AECA6D /* AppDelegate.swift */ = {isa = PBXFileReference; lastKnownFileType = sourcecode.swift; path = AppDelegate.swift; sourceTree = "<group>"; };
		56346EA127B4E40200AECA6D /* SceneDelegate.swift */ = {isa = PBXFileReference; lastKnownFileType = sourcecode.swift; path = SceneDelegate.swift; sourceTree = "<group>"; };
		56346EA627B4E40200AECA6D /* Base */ = {isa = PBXFileReference; lastKnownFileType = file.storyboard; name = Base; path = Base.lproj/Main.storyboard; sourceTree = "<group>"; };
		56346EA827B4E40400AECA6D /* Assets.xcassets */ = {isa = PBXFileReference; lastKnownFileType = folder.assetcatalog; path = Assets.xcassets; sourceTree = "<group>"; };
		56346EAB27B4E40400AECA6D /* Base */ = {isa = PBXFileReference; lastKnownFileType = file.storyboard; name = Base; path = Base.lproj/LaunchScreen.storyboard; sourceTree = "<group>"; };
		56346EAD27B4E40400AECA6D /* Info.plist */ = {isa = PBXFileReference; lastKnownFileType = text.plist.xml; path = Info.plist; sourceTree = "<group>"; };
		56346EB427B4E8BC00AECA6D /* Box.swift */ = {isa = PBXFileReference; lastKnownFileType = sourcecode.swift; path = Box.swift; sourceTree = "<group>"; };
		56346EB727B4E90100AECA6D /* HomePageTableViewCell.swift */ = {isa = PBXFileReference; lastKnownFileType = sourcecode.swift; path = HomePageTableViewCell.swift; sourceTree = "<group>"; };
		56346EB927B4E99200AECA6D /* HomePageTableViewHeader.swift */ = {isa = PBXFileReference; lastKnownFileType = sourcecode.swift; path = HomePageTableViewHeader.swift; sourceTree = "<group>"; };
		56346EBC27B4E9E900AECA6D /* HomePageViewController.swift */ = {isa = PBXFileReference; lastKnownFileType = sourcecode.swift; path = HomePageViewController.swift; sourceTree = "<group>"; };
		56346EBF27B4EAA400AECA6D /* HomePageViewModel.swift */ = {isa = PBXFileReference; lastKnownFileType = sourcecode.swift; path = HomePageViewModel.swift; sourceTree = "<group>"; };
		56346EC427B4F09100AECA6D /* EpisodePageViewModel.swift */ = {isa = PBXFileReference; lastKnownFileType = sourcecode.swift; path = EpisodePageViewModel.swift; sourceTree = "<group>"; };
		56346EC627B4F1A600AECA6D /* EpisodePageViewController.swift */ = {isa = PBXFileReference; lastKnownFileType = sourcecode.swift; path = EpisodePageViewController.swift; sourceTree = "<group>"; };
		56346EC827B4F25600AECA6D /* EpisodePageView.swift */ = {isa = PBXFileReference; lastKnownFileType = sourcecode.swift; path = EpisodePageView.swift; sourceTree = "<group>"; };
		56346ECA27B4F52500AECA6D /* PlayerPageViewModel.swift */ = {isa = PBXFileReference; lastKnownFileType = sourcecode.swift; path = PlayerPageViewModel.swift; sourceTree = "<group>"; };
		56346ECC27B4F5AD00AECA6D /* PlayerPageViewController.swift */ = {isa = PBXFileReference; lastKnownFileType = sourcecode.swift; path = PlayerPageViewController.swift; sourceTree = "<group>"; };
		56346ECE27B4F60300AECA6D /* PlayerPageView.swift */ = {isa = PBXFileReference; lastKnownFileType = sourcecode.swift; path = PlayerPageView.swift; sourceTree = "<group>"; };
		56346ED727B5116D00AECA6D /* PodcastApp-Bridging-Header.h */ = {isa = PBXFileReference; lastKnownFileType = sourcecode.c.h; path = "PodcastApp-Bridging-Header.h"; sourceTree = "<group>"; };
		56346EDA27B5204100AECA6D /* AudioPlayHelper.h */ = {isa = PBXFileReference; lastKnownFileType = sourcecode.c.h; path = AudioPlayHelper.h; sourceTree = "<group>"; };
		56346EDB27B5204100AECA6D /* AudioPlayHelper.m */ = {isa = PBXFileReference; lastKnownFileType = sourcecode.c.objc; path = AudioPlayHelper.m; sourceTree = "<group>"; };
		56346EDD27B54E4000AECA6D /* TimeCalculator.h */ = {isa = PBXFileReference; lastKnownFileType = sourcecode.c.h; path = TimeCalculator.h; sourceTree = "<group>"; };
		56346EDE27B54E4000AECA6D /* TimeCalculator.m */ = {isa = PBXFileReference; lastKnownFileType = sourcecode.c.objc; path = TimeCalculator.m; sourceTree = "<group>"; };
		56346EE027B5500400AECA6D /* GCDTimer.h */ = {isa = PBXFileReference; lastKnownFileType = sourcecode.c.h; path = GCDTimer.h; sourceTree = "<group>"; };
		56346EE127B5500400AECA6D /* GCDTimer.m */ = {isa = PBXFileReference; lastKnownFileType = sourcecode.c.objc; path = GCDTimer.m; sourceTree = "<group>"; };
		564A802D27B664130084F5E3 /* RssHelper.h */ = {isa = PBXFileReference; lastKnownFileType = sourcecode.c.h; path = RssHelper.h; sourceTree = "<group>"; };
		564A802E27B664130084F5E3 /* RssHelper.m */ = {isa = PBXFileReference; lastKnownFileType = sourcecode.c.objc; path = RssHelper.m; sourceTree = "<group>"; };
		E3B1AB7522DC958A2AB53F81 /* Pods-PodcastApp.release.xcconfig */ = {isa = PBXFileReference; includeInIndex = 1; lastKnownFileType = text.xcconfig; name = "Pods-PodcastApp.release.xcconfig"; path = "Target Support Files/Pods-PodcastApp/Pods-PodcastApp.release.xcconfig"; sourceTree = "<group>"; };
/* End PBXFileReference section */

/* Begin PBXFrameworksBuildPhase section */
		56346E9927B4E40200AECA6D /* Frameworks */ = {
			isa = PBXFrameworksBuildPhase;
			buildActionMask = 2147483647;
			files = (
				850CE8B3780FA486D76CD736 /* Pods_PodcastApp.framework in Frameworks */,
			);
			runOnlyForDeploymentPostprocessing = 0;
		};
/* End PBXFrameworksBuildPhase section */

/* Begin PBXGroup section */
		56346E9327B4E40200AECA6D = {
			isa = PBXGroup;
			children = (
				56346E9E27B4E40200AECA6D /* PodcastApp */,
				56346E9D27B4E40200AECA6D /* Products */,
				788725451B00A9C3C41AE0E6 /* Pods */,
				A3F99769212B5BDC0FA7B57D /* Frameworks */,
			);
			sourceTree = "<group>";
		};
		56346E9D27B4E40200AECA6D /* Products */ = {
			isa = PBXGroup;
			children = (
				56346E9C27B4E40200AECA6D /* PodcastApp.app */,
			);
			name = Products;
			sourceTree = "<group>";
		};
		56346E9E27B4E40200AECA6D /* PodcastApp */ = {
			isa = PBXGroup;
			children = (
				56346EC127B4EAC500AECA6D /* Model */,
				56346EBE27B4EA6E00AECA6D /* ViewModel */,
				56346EBB27B4E9C500AECA6D /* Controller */,
				56346EB627B4E8D700AECA6D /* View */,
				56346EB327B4E89B00AECA6D /* Utilities */,
				56346E9F27B4E40200AECA6D /* AppDelegate.swift */,
				56346EA127B4E40200AECA6D /* SceneDelegate.swift */,
				56346EA527B4E40200AECA6D /* Main.storyboard */,
				56346EA827B4E40400AECA6D /* Assets.xcassets */,
				56346EAA27B4E40400AECA6D /* LaunchScreen.storyboard */,
				56346EAD27B4E40400AECA6D /* Info.plist */,
			);
			path = PodcastApp;
			sourceTree = "<group>";
		};
		56346EB327B4E89B00AECA6D /* Utilities */ = {
			isa = PBXGroup;
			children = (
				56346EB427B4E8BC00AECA6D /* Box.swift */,
			);
			path = Utilities;
			sourceTree = "<group>";
		};
		56346EB627B4E8D700AECA6D /* View */ = {
			isa = PBXGroup;
			children = (
				56346EB727B4E90100AECA6D /* HomePageTableViewCell.swift */,
				56346EB927B4E99200AECA6D /* HomePageTableViewHeader.swift */,
				56346EC827B4F25600AECA6D /* EpisodePageView.swift */,
				56346ECE27B4F60300AECA6D /* PlayerPageView.swift */,
			);
			path = View;
			sourceTree = "<group>";
		};
		56346EBB27B4E9C500AECA6D /* Controller */ = {
			isa = PBXGroup;
			children = (
				56346EBC27B4E9E900AECA6D /* HomePageViewController.swift */,
				56346EC627B4F1A600AECA6D /* EpisodePageViewController.swift */,
				56346ECC27B4F5AD00AECA6D /* PlayerPageViewController.swift */,
			);
			path = Controller;
			sourceTree = "<group>";
		};
		56346EBE27B4EA6E00AECA6D /* ViewModel */ = {
			isa = PBXGroup;
			children = (
				56346EBF27B4EAA400AECA6D /* HomePageViewModel.swift */,
				56346EC427B4F09100AECA6D /* EpisodePageViewModel.swift */,
				56346ECA27B4F52500AECA6D /* PlayerPageViewModel.swift */,
			);
			path = ViewModel;
			sourceTree = "<group>";
		};
		56346EC127B4EAC500AECA6D /* Model */ = {
			isa = PBXGroup;
			children = (
				56346EDA27B5204100AECA6D /* AudioPlayHelper.h */,
				56346EDB27B5204100AECA6D /* AudioPlayHelper.m */,
				56346ED727B5116D00AECA6D /* PodcastApp-Bridging-Header.h */,
				56346EDD27B54E4000AECA6D /* TimeCalculator.h */,
				56346EDE27B54E4000AECA6D /* TimeCalculator.m */,
				56346EE027B5500400AECA6D /* GCDTimer.h */,
				56346EE127B5500400AECA6D /* GCDTimer.m */,
				564A802D27B664130084F5E3 /* RssHelper.h */,
				564A802E27B664130084F5E3 /* RssHelper.m */,
				5605AA7627B79A8700759B21 /* RssItem.h */,
				5605AA7727B79A8700759B21 /* RssItem.m */,
			);
			path = Model;
			sourceTree = "<group>";
		};
		788725451B00A9C3C41AE0E6 /* Pods */ = {
			isa = PBXGroup;
			children = (
				455B7B37167DE4EF4F33A5AB /* Pods-PodcastApp.debug.xcconfig */,
				E3B1AB7522DC958A2AB53F81 /* Pods-PodcastApp.release.xcconfig */,
			);
			path = Pods;
			sourceTree = "<group>";
		};
		A3F99769212B5BDC0FA7B57D /* Frameworks */ = {
			isa = PBXGroup;
			children = (
				0BCD8FC6EABEDA682D10FEF7 /* Pods_PodcastApp.framework */,
			);
			name = Frameworks;
			sourceTree = "<group>";
		};
/* End PBXGroup section */

/* Begin PBXNativeTarget section */
		56346E9B27B4E40200AECA6D /* PodcastApp */ = {
			isa = PBXNativeTarget;
			buildConfigurationList = 56346EB027B4E40400AECA6D /* Build configuration list for PBXNativeTarget "PodcastApp" */;
			buildPhases = (
				9CF7735E3F2CF2F52C5B7682 /* [CP] Check Pods Manifest.lock */,
				56346E9827B4E40200AECA6D /* Sources */,
				56346E9927B4E40200AECA6D /* Frameworks */,
				56346E9A27B4E40200AECA6D /* Resources */,
				70F22CF31284631E8532C25D /* [CP] Embed Pods Frameworks */,
			);
			buildRules = (
			);
			dependencies = (
			);
			name = PodcastApp;
			productName = PodcastApp;
			productReference = 56346E9C27B4E40200AECA6D /* PodcastApp.app */;
			productType = "com.apple.product-type.application";
		};
/* End PBXNativeTarget section */

/* Begin PBXProject section */
		56346E9427B4E40200AECA6D /* Project object */ = {
			isa = PBXProject;
			attributes = {
				BuildIndependentTargetsInParallel = 1;
				LastSwiftUpdateCheck = 1300;
				LastUpgradeCheck = 1300;
				TargetAttributes = {
					56346E9B27B4E40200AECA6D = {
						CreatedOnToolsVersion = 13.0;
						LastSwiftMigration = 1300;
					};
				};
			};
			buildConfigurationList = 56346E9727B4E40200AECA6D /* Build configuration list for PBXProject "PodcastApp" */;
			compatibilityVersion = "Xcode 13.0";
			developmentRegion = en;
			hasScannedForEncodings = 0;
			knownRegions = (
				en,
				Base,
			);
			mainGroup = 56346E9327B4E40200AECA6D;
			productRefGroup = 56346E9D27B4E40200AECA6D /* Products */;
			projectDirPath = "";
			projectRoot = "";
			targets = (
				56346E9B27B4E40200AECA6D /* PodcastApp */,
			);
		};
/* End PBXProject section */

/* Begin PBXResourcesBuildPhase section */
		56346E9A27B4E40200AECA6D /* Resources */ = {
			isa = PBXResourcesBuildPhase;
			buildActionMask = 2147483647;
			files = (
				56346EAC27B4E40400AECA6D /* LaunchScreen.storyboard in Resources */,
				56346EA927B4E40400AECA6D /* Assets.xcassets in Resources */,
				56346EA727B4E40200AECA6D /* Main.storyboard in Resources */,
			);
			runOnlyForDeploymentPostprocessing = 0;
		};
/* End PBXResourcesBuildPhase section */

/* Begin PBXShellScriptBuildPhase section */
		70F22CF31284631E8532C25D /* [CP] Embed Pods Frameworks */ = {
			isa = PBXShellScriptBuildPhase;
			buildActionMask = 2147483647;
			files = (
			);
			inputFileListPaths = (
				"${PODS_ROOT}/Target Support Files/Pods-PodcastApp/Pods-PodcastApp-frameworks-${CONFIGURATION}-input-files.xcfilelist",
			);
			name = "[CP] Embed Pods Frameworks";
			outputFileListPaths = (
				"${PODS_ROOT}/Target Support Files/Pods-PodcastApp/Pods-PodcastApp-frameworks-${CONFIGURATION}-output-files.xcfilelist",
			);
			runOnlyForDeploymentPostprocessing = 0;
			shellPath = /bin/sh;
			shellScript = "\"${PODS_ROOT}/Target Support Files/Pods-PodcastApp/Pods-PodcastApp-frameworks.sh\"\n";
			showEnvVarsInLog = 0;
		};
		9CF7735E3F2CF2F52C5B7682 /* [CP] Check Pods Manifest.lock */ = {
			isa = PBXShellScriptBuildPhase;
			buildActionMask = 2147483647;
			files = (
			);
			inputFileListPaths = (
			);
			inputPaths = (
				"${PODS_PODFILE_DIR_PATH}/Podfile.lock",
				"${PODS_ROOT}/Manifest.lock",
			);
			name = "[CP] Check Pods Manifest.lock";
			outputFileListPaths = (
			);
			outputPaths = (
				"$(DERIVED_FILE_DIR)/Pods-PodcastApp-checkManifestLockResult.txt",
			);
			runOnlyForDeploymentPostprocessing = 0;
			shellPath = /bin/sh;
			shellScript = "diff \"${PODS_PODFILE_DIR_PATH}/Podfile.lock\" \"${PODS_ROOT}/Manifest.lock\" > /dev/null\nif [ $? != 0 ] ; then\n    # print error to STDERR\n    echo \"error: The sandbox is not in sync with the Podfile.lock. Run 'pod install' or update your CocoaPods installation.\" >&2\n    exit 1\nfi\n# This output is used by Xcode 'outputs' to avoid re-running this script phase.\necho \"SUCCESS\" > \"${SCRIPT_OUTPUT_FILE_0}\"\n";
			showEnvVarsInLog = 0;
		};
/* End PBXShellScriptBuildPhase section */

/* Begin PBXSourcesBuildPhase section */
		56346E9827B4E40200AECA6D /* Sources */ = {
			isa = PBXSourcesBuildPhase;
			buildActionMask = 2147483647;
			files = (
				56346EB827B4E90100AECA6D /* HomePageTableViewCell.swift in Sources */,
				564A802F27B664130084F5E3 /* RssHelper.m in Sources */,
				56346EBD27B4E9E900AECA6D /* HomePageViewController.swift in Sources */,
				56346EDC27B5204100AECA6D /* AudioPlayHelper.m in Sources */,
				56346EDF27B54E4000AECA6D /* TimeCalculator.m in Sources */,
				56346EB527B4E8BC00AECA6D /* Box.swift in Sources */,
				56346EC727B4F1A600AECA6D /* EpisodePageViewController.swift in Sources */,
				56346EC027B4EAA400AECA6D /* HomePageViewModel.swift in Sources */,
				56346EC927B4F25600AECA6D /* EpisodePageView.swift in Sources */,
				56346ECB27B4F52500AECA6D /* PlayerPageViewModel.swift in Sources */,
				56346EA027B4E40200AECA6D /* AppDelegate.swift in Sources */,
				56346EBA27B4E99200AECA6D /* HomePageTableViewHeader.swift in Sources */,
				56346ECF27B4F60300AECA6D /* PlayerPageView.swift in Sources */,
				5605AA7827B79A8700759B21 /* RssItem.m in Sources */,
				56346ECD27B4F5AD00AECA6D /* PlayerPageViewController.swift in Sources */,
				56346EA227B4E40200AECA6D /* SceneDelegate.swift in Sources */,
				56346EE227B5500400AECA6D /* GCDTimer.m in Sources */,
				56346EC527B4F09100AECA6D /* EpisodePageViewModel.swift in Sources */,
			);
			runOnlyForDeploymentPostprocessing = 0;
		};
/* End PBXSourcesBuildPhase section */

/* Begin PBXVariantGroup section */
		56346EA527B4E40200AECA6D /* Main.storyboard */ = {
			isa = PBXVariantGroup;
			children = (
				56346EA627B4E40200AECA6D /* Base */,
			);
			name = Main.storyboard;
			sourceTree = "<group>";
		};
		56346EAA27B4E40400AECA6D /* LaunchScreen.storyboard */ = {
			isa = PBXVariantGroup;
			children = (
				56346EAB27B4E40400AECA6D /* Base */,
			);
			name = LaunchScreen.storyboard;
			sourceTree = "<group>";
		};
/* End PBXVariantGroup section */

/* Begin XCBuildConfiguration section */
		56346EAE27B4E40400AECA6D /* Debug */ = {
			isa = XCBuildConfiguration;
			buildSettings = {
				ALWAYS_SEARCH_USER_PATHS = NO;
				CLANG_ANALYZER_NONNULL = YES;
				CLANG_ANALYZER_NUMBER_OBJECT_CONVERSION = YES_AGGRESSIVE;
				CLANG_CXX_LANGUAGE_STANDARD = "gnu++17";
				CLANG_CXX_LIBRARY = "libc++";
				CLANG_ENABLE_MODULES = YES;
				CLANG_ENABLE_OBJC_ARC = YES;
				CLANG_ENABLE_OBJC_WEAK = YES;
				CLANG_WARN_BLOCK_CAPTURE_AUTORELEASING = YES;
				CLANG_WARN_BOOL_CONVERSION = YES;
				CLANG_WARN_COMMA = YES;
				CLANG_WARN_CONSTANT_CONVERSION = YES;
				CLANG_WARN_DEPRECATED_OBJC_IMPLEMENTATIONS = YES;
				CLANG_WARN_DIRECT_OBJC_ISA_USAGE = YES_ERROR;
				CLANG_WARN_DOCUMENTATION_COMMENTS = YES;
				CLANG_WARN_EMPTY_BODY = YES;
				CLANG_WARN_ENUM_CONVERSION = YES;
				CLANG_WARN_INFINITE_RECURSION = YES;
				CLANG_WARN_INT_CONVERSION = YES;
				CLANG_WARN_NON_LITERAL_NULL_CONVERSION = YES;
				CLANG_WARN_OBJC_IMPLICIT_RETAIN_SELF = YES;
				CLANG_WARN_OBJC_LITERAL_CONVERSION = YES;
				CLANG_WARN_OBJC_ROOT_CLASS = YES_ERROR;
				CLANG_WARN_QUOTED_INCLUDE_IN_FRAMEWORK_HEADER = YES;
				CLANG_WARN_RANGE_LOOP_ANALYSIS = YES;
				CLANG_WARN_STRICT_PROTOTYPES = YES;
				CLANG_WARN_SUSPICIOUS_MOVE = YES;
				CLANG_WARN_UNGUARDED_AVAILABILITY = YES_AGGRESSIVE;
				CLANG_WARN_UNREACHABLE_CODE = YES;
				CLANG_WARN__DUPLICATE_METHOD_MATCH = YES;
				COPY_PHASE_STRIP = NO;
				DEBUG_INFORMATION_FORMAT = dwarf;
				DEFINES_MODULE = YES;
				ENABLE_STRICT_OBJC_MSGSEND = YES;
				ENABLE_TESTABILITY = YES;
				GCC_C_LANGUAGE_STANDARD = gnu11;
				GCC_DYNAMIC_NO_PIC = NO;
				GCC_NO_COMMON_BLOCKS = YES;
				GCC_OPTIMIZATION_LEVEL = 0;
				GCC_PREPROCESSOR_DEFINITIONS = (
					"DEBUG=1",
					"$(inherited)",
				);
				GCC_WARN_64_TO_32_BIT_CONVERSION = YES;
				GCC_WARN_ABOUT_RETURN_TYPE = YES_ERROR;
				GCC_WARN_UNDECLARED_SELECTOR = YES;
				GCC_WARN_UNINITIALIZED_AUTOS = YES_AGGRESSIVE;
				GCC_WARN_UNUSED_FUNCTION = YES;
				GCC_WARN_UNUSED_VARIABLE = YES;
				IPHONEOS_DEPLOYMENT_TARGET = 15.0;
				MTL_ENABLE_DEBUG_INFO = INCLUDE_SOURCE;
				MTL_FAST_MATH = YES;
				ONLY_ACTIVE_ARCH = YES;
				SDKROOT = iphoneos;
				SWIFT_ACTIVE_COMPILATION_CONDITIONS = DEBUG;
				SWIFT_OPTIMIZATION_LEVEL = "-Onone";
			};
			name = Debug;
		};
		56346EAF27B4E40400AECA6D /* Release */ = {
			isa = XCBuildConfiguration;
			buildSettings = {
				ALWAYS_SEARCH_USER_PATHS = NO;
				CLANG_ANALYZER_NONNULL = YES;
				CLANG_ANALYZER_NUMBER_OBJECT_CONVERSION = YES_AGGRESSIVE;
				CLANG_CXX_LANGUAGE_STANDARD = "gnu++17";
				CLANG_CXX_LIBRARY = "libc++";
				CLANG_ENABLE_MODULES = YES;
				CLANG_ENABLE_OBJC_ARC = YES;
				CLANG_ENABLE_OBJC_WEAK = YES;
				CLANG_WARN_BLOCK_CAPTURE_AUTORELEASING = YES;
				CLANG_WARN_BOOL_CONVERSION = YES;
				CLANG_WARN_COMMA = YES;
				CLANG_WARN_CONSTANT_CONVERSION = YES;
				CLANG_WARN_DEPRECATED_OBJC_IMPLEMENTATIONS = YES;
				CLANG_WARN_DIRECT_OBJC_ISA_USAGE = YES_ERROR;
				CLANG_WARN_DOCUMENTATION_COMMENTS = YES;
				CLANG_WARN_EMPTY_BODY = YES;
				CLANG_WARN_ENUM_CONVERSION = YES;
				CLANG_WARN_INFINITE_RECURSION = YES;
				CLANG_WARN_INT_CONVERSION = YES;
				CLANG_WARN_NON_LITERAL_NULL_CONVERSION = YES;
				CLANG_WARN_OBJC_IMPLICIT_RETAIN_SELF = YES;
				CLANG_WARN_OBJC_LITERAL_CONVERSION = YES;
				CLANG_WARN_OBJC_ROOT_CLASS = YES_ERROR;
				CLANG_WARN_QUOTED_INCLUDE_IN_FRAMEWORK_HEADER = YES;
				CLANG_WARN_RANGE_LOOP_ANALYSIS = YES;
				CLANG_WARN_STRICT_PROTOTYPES = YES;
				CLANG_WARN_SUSPICIOUS_MOVE = YES;
				CLANG_WARN_UNGUARDED_AVAILABILITY = YES_AGGRESSIVE;
				CLANG_WARN_UNREACHABLE_CODE = YES;
				CLANG_WARN__DUPLICATE_METHOD_MATCH = YES;
				COPY_PHASE_STRIP = NO;
				DEBUG_INFORMATION_FORMAT = "dwarf-with-dsym";
				DEFINES_MODULE = YES;
				ENABLE_NS_ASSERTIONS = NO;
				ENABLE_STRICT_OBJC_MSGSEND = YES;
				GCC_C_LANGUAGE_STANDARD = gnu11;
				GCC_NO_COMMON_BLOCKS = YES;
				GCC_WARN_64_TO_32_BIT_CONVERSION = YES;
				GCC_WARN_ABOUT_RETURN_TYPE = YES_ERROR;
				GCC_WARN_UNDECLARED_SELECTOR = YES;
				GCC_WARN_UNINITIALIZED_AUTOS = YES_AGGRESSIVE;
				GCC_WARN_UNUSED_FUNCTION = YES;
				GCC_WARN_UNUSED_VARIABLE = YES;
				IPHONEOS_DEPLOYMENT_TARGET = 15.0;
				MTL_ENABLE_DEBUG_INFO = NO;
				MTL_FAST_MATH = YES;
				SDKROOT = iphoneos;
				SWIFT_COMPILATION_MODE = wholemodule;
				SWIFT_OPTIMIZATION_LEVEL = "-O";
				VALIDATE_PRODUCT = YES;
			};
			name = Release;
		};
		56346EB127B4E40400AECA6D /* Debug */ = {
			isa = XCBuildConfiguration;
			baseConfigurationReference = 455B7B37167DE4EF4F33A5AB /* Pods-PodcastApp.debug.xcconfig */;
			buildSettings = {
				ASSETCATALOG_COMPILER_APPICON_NAME = AppIcon;
				ASSETCATALOG_COMPILER_GLOBAL_ACCENT_COLOR_NAME = AccentColor;
				CLANG_ENABLE_MODULES = YES;
				CODE_SIGN_STYLE = Automatic;
				CURRENT_PROJECT_VERSION = 1;
				DEFINES_MODULE = YES;
				DEVELOPMENT_TEAM = XN354JRCK2;
				GENERATE_INFOPLIST_FILE = YES;
				INFOPLIST_FILE = PodcastApp/Info.plist;
				INFOPLIST_KEY_UIApplicationSupportsIndirectInputEvents = YES;
				INFOPLIST_KEY_UILaunchStoryboardName = LaunchScreen;
				INFOPLIST_KEY_UIMainStoryboardFile = Main;
				INFOPLIST_KEY_UISupportedInterfaceOrientations = "";
				INFOPLIST_KEY_UISupportedInterfaceOrientations_iPad = "UIInterfaceOrientationPortrait UIInterfaceOrientationPortraitUpsideDown UIInterfaceOrientationLandscapeLeft UIInterfaceOrientationLandscapeRight";
				INFOPLIST_KEY_UISupportedInterfaceOrientations_iPhone = "UIInterfaceOrientationPortrait UIInterfaceOrientationLandscapeLeft UIInterfaceOrientationLandscapeRight";
				LD_RUNPATH_SEARCH_PATHS = (
					"$(inherited)",
					"@executable_path/Frameworks",
				);
				MARKETING_VERSION = 1.0;
				PRODUCT_BUNDLE_IDENTIFIER = Astrid.PodcastApp;
				PRODUCT_NAME = "$(TARGET_NAME)";
				SWIFT_EMIT_LOC_STRINGS = YES;
				SWIFT_OBJC_BRIDGING_HEADER = "PodcastApp/Model/PodcastApp-Bridging-Header.h";
				SWIFT_OPTIMIZATION_LEVEL = "-Onone";
				SWIFT_VERSION = 5.0;
				TARGETED_DEVICE_FAMILY = "1,2";
			};
			name = Debug;
		};
		56346EB227B4E40400AECA6D /* Release */ = {
			isa = XCBuildConfiguration;
			baseConfigurationReference = E3B1AB7522DC958A2AB53F81 /* Pods-PodcastApp.release.xcconfig */;
			buildSettings = {
				ASSETCATALOG_COMPILER_APPICON_NAME = AppIcon;
				ASSETCATALOG_COMPILER_GLOBAL_ACCENT_COLOR_NAME = AccentColor;
				CLANG_ENABLE_MODULES = YES;
				CODE_SIGN_STYLE = Automatic;
				CURRENT_PROJECT_VERSION = 1;
				DEFINES_MODULE = YES;
				DEVELOPMENT_TEAM = XN354JRCK2;
				GENERATE_INFOPLIST_FILE = YES;
				INFOPLIST_FILE = PodcastApp/Info.plist;
				INFOPLIST_KEY_UIApplicationSupportsIndirectInputEvents = YES;
				INFOPLIST_KEY_UILaunchStoryboardName = LaunchScreen;
				INFOPLIST_KEY_UIMainStoryboardFile = Main;
				INFOPLIST_KEY_UISupportedInterfaceOrientations = "";
				INFOPLIST_KEY_UISupportedInterfaceOrientations_iPad = "UIInterfaceOrientationPortrait UIInterfaceOrientationPortraitUpsideDown UIInterfaceOrientationLandscapeLeft UIInterfaceOrientationLandscapeRight";
				INFOPLIST_KEY_UISupportedInterfaceOrientations_iPhone = "UIInterfaceOrientationPortrait UIInterfaceOrientationLandscapeLeft UIInterfaceOrientationLandscapeRight";
				LD_RUNPATH_SEARCH_PATHS = (
					"$(inherited)",
					"@executable_path/Frameworks",
				);
				MARKETING_VERSION = 1.0;
				PRODUCT_BUNDLE_IDENTIFIER = Astrid.PodcastApp;
				PRODUCT_NAME = "$(TARGET_NAME)";
				SWIFT_EMIT_LOC_STRINGS = YES;
				SWIFT_OBJC_BRIDGING_HEADER = "PodcastApp/Model/PodcastApp-Bridging-Header.h";
				SWIFT_VERSION = 5.0;
				TARGETED_DEVICE_FAMILY = "1,2";
			};
			name = Release;
		};
/* End XCBuildConfiguration section */

/* Begin XCConfigurationList section */
		56346E9727B4E40200AECA6D /* Build configuration list for PBXProject "PodcastApp" */ = {
			isa = XCConfigurationList;
			buildConfigurations = (
				56346EAE27B4E40400AECA6D /* Debug */,
				56346EAF27B4E40400AECA6D /* Release */,
			);
			defaultConfigurationIsVisible = 0;
			defaultConfigurationName = Release;
		};
		56346EB027B4E40400AECA6D /* Build configuration list for PBXNativeTarget "PodcastApp" */ = {
			isa = XCConfigurationList;
			buildConfigurations = (
				56346EB127B4E40400AECA6D /* Debug */,
				56346EB227B4E40400AECA6D /* Release */,
			);
			defaultConfigurationIsVisible = 0;
			defaultConfigurationName = Release;
		};
/* End XCConfigurationList section */
	};
	rootObject = 56346E9427B4E40200AECA6D /* Project object */;
}
